
Microsoft Visual Studio Solution File, Format Version 11.00
# Visual Studio 2010
Project("{FAE04EC0-301F-11D3-BF4B-00C04F79EFBC}") = "PackMan", "PackMan\PackMan.csproj", "{14395447-9D5E-4B65-B5FE-6F16DD96EECB}"
EndProject
Project("{FAE04EC0-301F-11D3-BF4B-00C04F79EFBC}") = "PackMan.Tests", "PackMan.Tests\PackMan.Tests.csproj", "{27A904B6-2258-45CA-A9C6-D8087723A3B9}"
EndProject
Global
	GlobalSection(SolutionConfigurationPlatforms) = preSolution
		Debug|Any CPU = Debug|Any CPU
		Debug|Mixed Platforms = Debug|Mixed Platforms
		Debug|x86 = Debug|x86
		Release|Any CPU = Release|Any CPU
		Release|Mixed Platforms = Release|Mixed Platforms
		Release|x86 = Release|x86
	EndGlobalSection
	GlobalSection(ProjectConfigurationPlatforms) = postSolution
		{14395447-9D5E-4B65-B5FE-6F16DD96EECB}.Debug|Any CPU.ActiveCfg = Debug|x86
		{14395447-9D5E-4B65-B5FE-6F16DD96EECB}.Debug|Mixed Platforms.ActiveCfg = Debug|x86
		{14395447-9D5E-4B65-B5FE-6F16DD96EECB}.Debug|Mixed Platforms.Build.0 = Debug|x86
		{14395447-9D5E-4B65-B5FE-6F16DD96EECB}.Debug|x86.ActiveCfg = Debug|x86
		{14395447-9D5E-4B65-B5FE-6F16DD96EECB}.Debug|x86.Build.0 = Debug|x86
		{14395447-9D5E-4B65-B5FE-6F16DD96EECB}.Release|Any CPU.ActiveCfg = Release|x86
		{14395447-9D5E-4B65-B5FE-6F16DD96EECB}.Release|Mixed Platforms.ActiveCfg = Release|x86
		{14395447-9D5E-4B65-B5FE-6F16DD96EECB}.Release|Mixed Platforms.Build.0 = Release|x86
		{14395447-9D5E-4B65-B5FE-6F16DD96EECB}.Release|x86.ActiveCfg = Release|x86
		{14395447-9D5E-4B65-B5FE-6F16DD96EECB}.Release|x86.Build.0 = Release|x86
		{27A904B6-2258-45CA-A9C6-D8087723A3B9}.Debug|Any CPU.ActiveCfg = Debug|Any CPU
		{27A904B6-2258-45CA-A9C6-D8087723A3B9}.Debug|Any CPU.Build.0 = Debug|Any CPU
		{27A904B6-2258-45CA-A9C6-D8087723A3B9}.Debug|Mixed Platforms.ActiveCfg = Debug|Any CPU
		{27A904B6-2258-45CA-A9C6-D8087723A3B9}.Debug|Mixed Platforms.Build.0 = Debug|Any CPU
		{27A904B6-2258-45CA-A9C6-D8087723A3B9}.Debug|x86.ActiveCfg = Debug|Any CPU
		{27A904B6-2258-45CA-A9C6-D8087723A3B9}.Release|Any CPU.ActiveCfg = Release|Any CPU
		{27A904B6-2258-45CA-A9C6-D8087723A3B9}.Release|Any CPU.Build.0 = Release|Any CPU
		{27A904B6-2258-45CA-A9C6-D8087723A3B9}.Release|Mixed Platforms.ActiveCfg = Release|Any CPU
		{27A904B6-2258-45CA-A9C6-D8087723A3B9}.Release|Mixed Platforms.Build.0 = Release|Any CPU
		{27A904B6-2258-45CA-A9C6-D8087723A3B9}.Release|x86.ActiveCfg = Release|Any CPU
	EndGlobalSection
	GlobalSection(SolutionProperties) = preSolution
		HideSolutionNode = FALSE
	EndGlobalSection
EndGlobal
